github.com/costa92/llm-agent-rag v0.1.0 h1:HT3LkKYW4vKOIwohSLLMhXIl1S38s7t20gw5GVl4VhA=
github.com/costa92/llm-agent-rag v0.1.0/go.mod h1:Js/aauQXs/QuLKHQhtwc+V2d8KFtCVTtwQjiWIyjjrU=
github.com/costa92/llm-agent-rag v0.1.2 h1:u5FKEFjosO5R09ufCU93P+VgQ1ILMVyMlpOsUrAjQXc=
github.com/costa92/llm-agent-rag v0.1.2/go.mod h1:Js/aauQXs/QuLKHQhtwc+V2d8KFtCVTtwQjiWIyjjrU=
